
Microsoft Visual Studio Solution File, Format Version 12.00
# Visual Studio Version 16
VisualStudioVersion = 16.0.29728.190
MinimumVisualStudioVersion = 10.0.40219.1
Project("{9A19103F-16F7-4668-BE54-9A1E7A4F7556}") = "ERNI.PBA.Server.Host", "ERNI.PBA.Server.Host\ERNI.PBA.Server.Host.csproj", "{51B9D99D-B1BB-4C12-80CF-CC48AD757087}"
EndProject
Project("{9A19103F-16F7-4668-BE54-9A1E7A4F7556}") = "ERNI.PBA.Server.DataAccess", "ERNI.PBA.Server.DataAccess\ERNI.PBA.Server.DataAccess.csproj", "{B2C5A32D-F8D7-4777-8D6B-8D1840ADEC71}"
EndProject
Project("{9A19103F-16F7-4668-BE54-9A1E7A4F7556}") = "ERNI.PBA.Server.Graph", "ERNI.PBA.Server.Graph\ERNI.PBA.Server.Graph.csproj", "{5CA6954C-8AB5-499C-99F1-31DE510064CA}"
EndProject
Project("{2150E333-8FDC-42A3-9474-1A3956D46DE8}") = "Solution Items", "Solution Items", "{30FD231C-3C28-42E6-B703-664CA372E641}"
	ProjectSection(SolutionItems) = preProject
		.editorconfig = .editorconfig
	EndProjectSection
EndProject
Project("{9A19103F-16F7-4668-BE54-9A1E7A4F7556}") = "ERNI.PBA.Server.Domain", "ERNI.PBA.Server.Domain\ERNI.PBA.Server.Domain.csproj", "{C22E402B-51CA-42FE-A945-D464B3E9325E}"
EndProject
Project("{9A19103F-16F7-4668-BE54-9A1E7A4F7556}") = "ERNI.PBA.Server.Business", "ERNI.PBA.Server.Business\ERNI.PBA.Server.Business.csproj", "{55C79FF5-D93A-41BA-95D1-FA1570FD83F5}"
EndProject
Project("{9A19103F-16F7-4668-BE54-9A1E7A4F7556}") = "ERNI.Rmt.ExcelExport", "ERNI.PBA.Server.ExcelExport\ERNI.Rmt.ExcelExport.csproj", "{A3EEB270-6A94-47B2-818D-A380AD3ACD2A}"
EndProject
Project("{2150E333-8FDC-42A3-9474-1A3956D46DE8}") = "UnitTests", "UnitTests", "{07039F70-131C-45FF-A49B-7EFEF3C22DFA}"
EndProject
Project("{9A19103F-16F7-4668-BE54-9A1E7A4F7556}") = "ERNI.PBA.Server.Business.UnitTests", "UnitTests\ERNI.PBA.Server.Business.Tests\ERNI.PBA.Server.Business.UnitTests.csproj", "{AC692FDB-F1F9-4A45-B2E7-5979E7712982}"
EndProject
Project("{2150E333-8FDC-42A3-9474-1A3956D46DE8}") = "IntegrationTests", "IntegrationTests", "{E9FE691F-6173-4C23-BD41-A3171D5C4110}"
EndProject
Project("{9A19103F-16F7-4668-BE54-9A1E7A4F7556}") = "ERNI.PBA.Server.IntegrationTests", "IntegrationTests\ERNI.PBA.Server.IntegrationTests\ERNI.PBA.Server.IntegrationTests.csproj", "{FC1D41CE-6F71-4EE0-B3BF-F2EF7A20F7E2}"
EndProject
Global
	GlobalSection(SolutionConfigurationPlatforms) = preSolution
		Debug|Any CPU = Debug|Any CPU
		Release|Any CPU = Release|Any CPU
	EndGlobalSection
	GlobalSection(ProjectConfigurationPlatforms) = postSolution
		{51B9D99D-B1BB-4C12-80CF-CC48AD757087}.Debug|Any CPU.ActiveCfg = Debug|Any CPU
		{51B9D99D-B1BB-4C12-80CF-CC48AD757087}.Debug|Any CPU.Build.0 = Debug|Any CPU
		{51B9D99D-B1BB-4C12-80CF-CC48AD757087}.Release|Any CPU.ActiveCfg = Release|Any CPU
		{51B9D99D-B1BB-4C12-80CF-CC48AD757087}.Release|Any CPU.Build.0 = Release|Any CPU
		{B2C5A32D-F8D7-4777-8D6B-8D1840ADEC71}.Debug|Any CPU.ActiveCfg = Debug|Any CPU
		{B2C5A32D-F8D7-4777-8D6B-8D1840ADEC71}.Debug|Any CPU.Build.0 = Debug|Any CPU
		{B2C5A32D-F8D7-4777-8D6B-8D1840ADEC71}.Release|Any CPU.ActiveCfg = Release|Any CPU
		{B2C5A32D-F8D7-4777-8D6B-8D1840ADEC71}.Release|Any CPU.Build.0 = Release|Any CPU
		{5CA6954C-8AB5-499C-99F1-31DE510064CA}.Debug|Any CPU.ActiveCfg = Debug|Any CPU
		{5CA6954C-8AB5-499C-99F1-31DE510064CA}.Debug|Any CPU.Build.0 = Debug|Any CPU
		{5CA6954C-8AB5-499C-99F1-31DE510064CA}.Release|Any CPU.ActiveCfg = Release|Any CPU
		{5CA6954C-8AB5-499C-99F1-31DE510064CA}.Release|Any CPU.Build.0 = Release|Any CPU
		{C22E402B-51CA-42FE-A945-D464B3E9325E}.Debug|Any CPU.ActiveCfg = Debug|Any CPU
		{C22E402B-51CA-42FE-A945-D464B3E9325E}.Debug|Any CPU.Build.0 = Debug|Any CPU
		{C22E402B-51CA-42FE-A945-D464B3E9325E}.Release|Any CPU.ActiveCfg = Release|Any CPU
		{C22E402B-51CA-42FE-A945-D464B3E9325E}.Release|Any CPU.Build.0 = Release|Any CPU
		{55C79FF5-D93A-41BA-95D1-FA1570FD83F5}.Debug|Any CPU.ActiveCfg = Debug|Any CPU
		{55C79FF5-D93A-41BA-95D1-FA1570FD83F5}.Debug|Any CPU.Build.0 = Debug|Any CPU
		{55C79FF5-D93A-41BA-95D1-FA1570FD83F5}.Release|Any CPU.ActiveCfg = Release|Any CPU
		{55C79FF5-D93A-41BA-95D1-FA1570FD83F5}.Release|Any CPU.Build.0 = Release|Any CPU
		{A3EEB270-6A94-47B2-818D-A380AD3ACD2A}.Debug|Any CPU.ActiveCfg = Debug|Any CPU
		{A3EEB270-6A94-47B2-818D-A380AD3ACD2A}.Debug|Any CPU.Build.0 = Debug|Any CPU
		{A3EEB270-6A94-47B2-818D-A380AD3ACD2A}.Release|Any CPU.ActiveCfg = Release|Any CPU
		{A3EEB270-6A94-47B2-818D-A380AD3ACD2A}.Release|Any CPU.Build.0 = Release|Any CPU
		{AC692FDB-F1F9-4A45-B2E7-5979E7712982}.Debug|Any CPU.ActiveCfg = Debug|Any CPU
		{AC692FDB-F1F9-4A45-B2E7-5979E7712982}.Debug|Any CPU.Build.0 = Debug|Any CPU
		{AC692FDB-F1F9-4A45-B2E7-5979E7712982}.Release|Any CPU.ActiveCfg = Release|Any CPU
		{AC692FDB-F1F9-4A45-B2E7-5979E7712982}.Release|Any CPU.Build.0 = Release|Any CPU
		{FC1D41CE-6F71-4EE0-B3BF-F2EF7A20F7E2}.Debug|Any CPU.ActiveCfg = Debug|Any CPU
		{FC1D41CE-6F71-4EE0-B3BF-F2EF7A20F7E2}.Debug|Any CPU.Build.0 = Debug|Any CPU
		{FC1D41CE-6F71-4EE0-B3BF-F2EF7A20F7E2}.Release|Any CPU.ActiveCfg = Release|Any CPU
		{FC1D41CE-6F71-4EE0-B3BF-F2EF7A20F7E2}.Release|Any CPU.Build.0 = Release|Any CPU
	EndGlobalSection
	GlobalSection(SolutionProperties) = preSolution
		HideSolutionNode = FALSE
	EndGlobalSection
	GlobalSection(NestedProjects) = preSolution
		{AC692FDB-F1F9-4A45-B2E7-5979E7712982} = {07039F70-131C-45FF-A49B-7EFEF3C22DFA}
		{FC1D41CE-6F71-4EE0-B3BF-F2EF7A20F7E2} = {E9FE691F-6173-4C23-BD41-A3171D5C4110}
	EndGlobalSection
	GlobalSection(ExtensibilityGlobals) = postSolution
		SolutionGuid = {9551716D-3B1D-49F7-8AA4-460513FECAB0}
	EndGlobalSection
EndGlobal
