
Microsoft Visual Studio Solution File, Format Version 12.00
# Visual Studio 15
VisualStudioVersion = 15.0.28307.136
MinimumVisualStudioVersion = 10.0.40219.1
Project("{9A19103F-16F7-4668-BE54-9A1E7A4F7556}") = "ERNI.PBA.Server.Host", "ERNI.PBA.Server.Host\ERNI.PBA.Server.Host.csproj", "{51B9D99D-B1BB-4C12-80CF-CC48AD757087}"
EndProject
Project("{9A19103F-16F7-4668-BE54-9A1E7A4F7556}") = "ERNI.PBA.Server.DataAccess", "ERNI.PBA.Server.DataAccess\ERNI.PBA.Server.DataAccess.csproj", "{B2C5A32D-F8D7-4777-8D6B-8D1840ADEC71}"
EndProject
Global
	GlobalSection(SolutionConfigurationPlatforms) = preSolution
		Debug|Any CPU = Debug|Any CPU
		Release|Any CPU = Release|Any CPU
	EndGlobalSection
	GlobalSection(ProjectConfigurationPlatforms) = postSolution
		{51B9D99D-B1BB-4C12-80CF-CC48AD757087}.Debug|Any CPU.ActiveCfg = Debug|Any CPU
		{51B9D99D-B1BB-4C12-80CF-CC48AD757087}.Debug|Any CPU.Build.0 = Debug|Any CPU
		{51B9D99D-B1BB-4C12-80CF-CC48AD757087}.Release|Any CPU.ActiveCfg = Release|Any CPU
		{51B9D99D-B1BB-4C12-80CF-CC48AD757087}.Release|Any CPU.Build.0 = Release|Any CPU
		{B2C5A32D-F8D7-4777-8D6B-8D1840ADEC71}.Debug|Any CPU.ActiveCfg = Debug|Any CPU
		{B2C5A32D-F8D7-4777-8D6B-8D1840ADEC71}.Debug|Any CPU.Build.0 = Debug|Any CPU
		{B2C5A32D-F8D7-4777-8D6B-8D1840ADEC71}.Release|Any CPU.ActiveCfg = Release|Any CPU
		{B2C5A32D-F8D7-4777-8D6B-8D1840ADEC71}.Release|Any CPU.Build.0 = Release|Any CPU
	EndGlobalSection
	GlobalSection(SolutionProperties) = preSolution
		HideSolutionNode = FALSE
	EndGlobalSection
	GlobalSection(ExtensibilityGlobals) = postSolution
		SolutionGuid = {9551716D-3B1D-49F7-8AA4-460513FECAB0}
	EndGlobalSection
EndGlobal
